// !$*UTF8*$!
{
	archiveVersion = 1;
	classes = {
	};
	objectVersion = 48;
	objects = {

/* Begin PBXBuildFile section */
		760F6C922046515A00C2F647 /* TCSADCertificateRequest.h in Headers */ = {isa = PBXBuildFile; fileRef = 760F6C902046515A00C2F647 /* TCSADCertificateRequest.h */; settings = {ATTRIBUTES = (Public, ); }; };
		760F6C932046515A00C2F647 /* TCSADCertificateRequest.m in Sources */ = {isa = PBXBuildFile; fileRef = 760F6C912046515A00C2F647 /* TCSADCertificateRequest.m */; };
		760F6CD92046528F00C2F647 /* ms-icp.h in Headers */ = {isa = PBXBuildFile; fileRef = 760F6C952046528F00C2F647 /* ms-icp.h */; };
		760F6CDA2046528F00C2F647 /* codesets.idl in Resources */ = {isa = PBXBuildFile; fileRef = 760F6C972046528F00C2F647 /* codesets.idl */; };
		760F6CDB2046528F00C2F647 /* twr.h in Headers */ = {isa = PBXBuildFile; fileRef = 760F6C982046528F00C2F647 /* twr.h */; };
		760F6CDC2046528F00C2F647 /* mgmt.idl in Resources */ = {isa = PBXBuildFile; fileRef = 760F6C992046528F00C2F647 /* mgmt.idl */; };
		760F6CDD2046528F00C2F647 /* sec_authn.h in Headers */ = {isa = PBXBuildFile; fileRef = 760F6C9A2046528F00C2F647 /* sec_authn.h */; };
		760F6CDE2046528F00C2F647 /* idlbase.h in Headers */ = {isa = PBXBuildFile; fileRef = 760F6C9B2046528F00C2F647 /* idlbase.h */; };
		760F6CDF2046528F00C2F647 /* conv.idl in Resources */ = {isa = PBXBuildFile; fileRef = 760F6C9C2046528F00C2F647 /* conv.idl */; };
		760F6CE02046528F00C2F647 /* convc.h in Headers */ = {isa = PBXBuildFile; fileRef = 760F6C9D2046528F00C2F647 /* convc.h */; };
		760F6CE12046528F00C2F647 /* rpcbase.h in Headers */ = {isa = PBXBuildFile; fileRef = 760F6C9E2046528F00C2F647 /* rpcbase.h */; };
		760F6CE22046528F00C2F647 /* uuid.idl in Resources */ = {isa = PBXBuildFile; fileRef = 760F6C9F2046528F00C2F647 /* uuid.idl */; };
		760F6CE32046528F00C2F647 /* rpctypes.h in Headers */ = {isa = PBXBuildFile; fileRef = 760F6CA02046528F00C2F647 /* rpctypes.h */; };
		760F6CE42046528F00C2F647 /* ndrold.h in Headers */ = {isa = PBXBuildFile; fileRef = 760F6CA12046528F00C2F647 /* ndrold.h */; };
		760F6CE52046528F00C2F647 /* ncastat.idl in Resources */ = {isa = PBXBuildFile; fileRef = 760F6CA22046528F00C2F647 /* ncastat.idl */; };
		760F6CE62046528F00C2F647 /* uuid.h in Headers */ = {isa = PBXBuildFile; fileRef = 760F6CA32046528F00C2F647 /* uuid.h */; };
		760F6CE72046528F00C2F647 /* schannel.idl in Resources */ = {isa = PBXBuildFile; fileRef = 760F6CA42046528F00C2F647 /* schannel.idl */; };
		760F6CE82046528F00C2F647 /* marshall.h in Headers */ = {isa = PBXBuildFile; fileRef = 760F6CA52046528F00C2F647 /* marshall.h */; };
		760F6CE92046528F00C2F647 /* ncastat.h in Headers */ = {isa = PBXBuildFile; fileRef = 760F6CA62046528F00C2F647 /* ncastat.h */; };
		760F6CEA2046528F00C2F647 /* iovector.idl in Resources */ = {isa = PBXBuildFile; fileRef = 760F6CA72046528F00C2F647 /* iovector.idl */; };
		760F6CEB2046528F00C2F647 /* ndrold.idl in Resources */ = {isa = PBXBuildFile; fileRef = 760F6CA82046528F00C2F647 /* ndrold.idl */; };
		760F6CEC2046528F00C2F647 /* rpcsts.idl in Resources */ = {isa = PBXBuildFile; fileRef = 760F6CA92046528F00C2F647 /* rpcsts.idl */; };
		760F6CED2046528F00C2F647 /* rpcsts.h in Headers */ = {isa = PBXBuildFile; fileRef = 760F6CAA2046528F00C2F647 /* rpcsts.h */; };
		760F6CEE2046528F00C2F647 /* smb.h in Headers */ = {isa = PBXBuildFile; fileRef = 760F6CAB2046528F00C2F647 /* smb.h */; };
		760F6CEF2046528F00C2F647 /* dce.h in Headers */ = {isa = PBXBuildFile; fileRef = 760F6CAC2046528F00C2F647 /* dce.h */; };
		760F6CF02046528F00C2F647 /* ep.h in Headers */ = {isa = PBXBuildFile; fileRef = 760F6CAD2046528F00C2F647 /* ep.h */; };
		760F6CF12046528F00C2F647 /* ndrtypes.h in Headers */ = {isa = PBXBuildFile; fileRef = 760F6CAE2046528F00C2F647 /* ndrtypes.h */; };
		760F6CF22046528F00C2F647 /* lrpc.h in Headers */ = {isa = PBXBuildFile; fileRef = 760F6CAF2046528F00C2F647 /* lrpc.h */; };
		760F6CF32046528F00C2F647 /* rpcexc.h in Headers */ = {isa = PBXBuildFile; fileRef = 760F6CB02046528F00C2F647 /* rpcexc.h */; };
		760F6CF42046528F00C2F647 /* codesets.h in Headers */ = {isa = PBXBuildFile; fileRef = 760F6CB12046528F00C2F647 /* codesets.h */; };
		760F6CF52046528F00C2F647 /* smb.idl in Resources */ = {isa = PBXBuildFile; fileRef = 760F6CB22046528F00C2F647 /* smb.idl */; };
		760F6CF62046528F00C2F647 /* nbase.idl in Resources */ = {isa = PBXBuildFile; fileRef = 760F6CB32046528F00C2F647 /* nbase.idl */; };
		760F6CF72046528F00C2F647 /* ndr_rep.h in Headers */ = {isa = PBXBuildFile; fileRef = 760F6CB42046528F00C2F647 /* ndr_rep.h */; };
		760F6CF82046528F00C2F647 /* mgmt.h in Headers */ = {isa = PBXBuildFile; fileRef = 760F6CB52046528F00C2F647 /* mgmt.h */; };
		760F6CF92046528F00C2F647 /* dcethread.h in Headers */ = {isa = PBXBuildFile; fileRef = 760F6CB62046528F00C2F647 /* dcethread.h */; };
		760F6CFA2046528F00C2F647 /* iovector.h in Headers */ = {isa = PBXBuildFile; fileRef = 760F6CB72046528F00C2F647 /* iovector.h */; };
		760F6CFB2046528F00C2F647 /* idl_es.h in Headers */ = {isa = PBXBuildFile; fileRef = 760F6CB82046528F00C2F647 /* idl_es.h */; };
		760F6CFC2046528F00C2F647 /* rpc.idl in Resources */ = {isa = PBXBuildFile; fileRef = 760F6CB92046528F00C2F647 /* rpc.idl */; };
		760F6CFD2046528F00C2F647 /* pickle.h in Headers */ = {isa = PBXBuildFile; fileRef = 760F6CBA2046528F00C2F647 /* pickle.h */; };
		760F6CFE2046528F00C2F647 /* rpctypes.idl in Resources */ = {isa = PBXBuildFile; fileRef = 760F6CBB2046528F00C2F647 /* rpctypes.idl */; };
		760F6CFF2046528F00C2F647 /* idlddefs.h in Headers */ = {isa = PBXBuildFile; fileRef = 760F6CBC2046528F00C2F647 /* idlddefs.h */; };
		760F6D002046528F00C2F647 /* rpc.h in Headers */ = {isa = PBXBuildFile; fileRef = 760F6CBD2046528F00C2F647 /* rpc.h */; };
		760F6D012046528F00C2F647 /* marshall.h in Headers */ = {isa = PBXBuildFile; fileRef = 760F6CBF2046528F00C2F647 /* marshall.h */; };
		760F6D022046528F00C2F647 /* ndrtypes.h in Headers */ = {isa = PBXBuildFile; fileRef = 760F6CC02046528F00C2F647 /* ndrtypes.h */; };
		760F6D032046528F00C2F647 /* ndr_rep.h in Headers */ = {isa = PBXBuildFile; fileRef = 760F6CC12046528F00C2F647 /* ndr_rep.h */; };
		760F6D042046528F00C2F647 /* rpcpvt.h in Headers */ = {isa = PBXBuildFile; fileRef = 760F6CC22046528F00C2F647 /* rpcpvt.h */; };
		760F6D052046528F00C2F647 /* sec_authn.h in Headers */ = {isa = PBXBuildFile; fileRef = 760F6CC42046528F00C2F647 /* sec_authn.h */; };
		760F6D062046528F00C2F647 /* dce.h in Headers */ = {isa = PBXBuildFile; fileRef = 760F6CC52046528F00C2F647 /* dce.h */; };
		760F6D072046528F00C2F647 /* dce_utils.h in Headers */ = {isa = PBXBuildFile; fileRef = 760F6CC62046528F00C2F647 /* dce_utils.h */; };
		760F6D082046528F00C2F647 /* dce_error.h in Headers */ = {isa = PBXBuildFile; fileRef = 760F6CC72046528F00C2F647 /* dce_error.h */; };
		760F6D092046528F00C2F647 /* id_base.h in Headers */ = {isa = PBXBuildFile; fileRef = 760F6CC82046528F00C2F647 /* id_base.h */; };
		760F6D0A2046528F00C2F647 /* twr.idl in Resources */ = {isa = PBXBuildFile; fileRef = 760F6CC92046528F00C2F647 /* twr.idl */; };
		760F6D0B2046528F00C2F647 /* schannel.h in Headers */ = {isa = PBXBuildFile; fileRef = 760F6CCA2046528F00C2F647 /* schannel.h */; };
		760F6D0C2046528F00C2F647 /* dce_utils.h in Headers */ = {isa = PBXBuildFile; fileRef = 760F6CCB2046528F00C2F647 /* dce_utils.h */; };
		760F6D0D2046528F00C2F647 /* lbase.h in Headers */ = {isa = PBXBuildFile; fileRef = 760F6CCC2046528F00C2F647 /* lbase.h */; };
		760F6D0E2046528F00C2F647 /* lbase.idl in Resources */ = {isa = PBXBuildFile; fileRef = 760F6CCD2046528F00C2F647 /* lbase.idl */; };
		760F6D0F2046528F00C2F647 /* dce_error.h in Headers */ = {isa = PBXBuildFile; fileRef = 760F6CCE2046528F00C2F647 /* dce_error.h */; };
		760F6D102046528F00C2F647 /* stubbase.h in Headers */ = {isa = PBXBuildFile; fileRef = 760F6CCF2046528F00C2F647 /* stubbase.h */; };
		760F6D112046528F00C2F647 /* ep.idl in Resources */ = {isa = PBXBuildFile; fileRef = 760F6CD02046528F00C2F647 /* ep.idl */; };
		760F6D122046528F00C2F647 /* conv.h in Headers */ = {isa = PBXBuildFile; fileRef = 760F6CD12046528F00C2F647 /* conv.h */; };
		760F6D132046528F00C2F647 /* id_base.idl in Resources */ = {isa = PBXBuildFile; fileRef = 760F6CD22046528F00C2F647 /* id_base.idl */; };
		760F6D142046528F00C2F647 /* nbase.h in Headers */ = {isa = PBXBuildFile; fileRef = 760F6CD32046528F00C2F647 /* nbase.h */; };
		760F6D152046528F00C2F647 /* lrpc.idl in Resources */ = {isa = PBXBuildFile; fileRef = 760F6CD42046528F00C2F647 /* lrpc.idl */; };
		760F6D162046528F00C2F647 /* convc.idl in Resources */ = {isa = PBXBuildFile; fileRef = 760F6CD52046528F00C2F647 /* convc.idl */; };
		760F6D172046528F00C2F647 /* rpcpvt.idl in Resources */ = {isa = PBXBuildFile; fileRef = 760F6CD62046528F00C2F647 /* rpcpvt.idl */; };
		760F6D182046528F00C2F647 /* rpcbase.idl in Resources */ = {isa = PBXBuildFile; fileRef = 760F6CD72046528F00C2F647 /* rpcbase.idl */; };
		760F6D192046528F00C2F647 /* dtyp.h in Headers */ = {isa = PBXBuildFile; fileRef = 760F6CD82046528F00C2F647 /* dtyp.h */; };
		760F6D1B2046539400C2F647 /* Security.framework in Frameworks */ = {isa = PBXBuildFile; fileRef = 760F6D1A2046539400C2F647 /* Security.framework */; };
		760F6D252046550B00C2F647 /* ms-icp_cstub.o in Frameworks */ = {isa = PBXBuildFile; fileRef = 760F6D242046550B00C2F647 /* ms-icp_cstub.o */; };
		760F6D29204655B100C2F647 /* DCERPC.framework in Frameworks */ = {isa = PBXBuildFile; fileRef = 760F6D28204655B000C2F647 /* DCERPC.framework */; };
		760F6D2B204655BC00C2F647 /* CoreFoundation.framework in Frameworks */ = {isa = PBXBuildFile; fileRef = 760F6D2A204655BC00C2F647 /* CoreFoundation.framework */; };
		760F6D302046589300C2F647 /* TCSCStringUtilities.h in Headers */ = {isa = PBXBuildFile; fileRef = 760F6D2E2046589300C2F647 /* TCSCStringUtilities.h */; };
		760F6D312046589300C2F647 /* TCSCStringUtilities.c in Sources */ = {isa = PBXBuildFile; fileRef = 760F6D2F2046589300C2F647 /* TCSCStringUtilities.c */; };
		760F6D3D20465CAE00C2F647 /* ASN1Composite.m in Sources */ = {isa = PBXBuildFile; fileRef = 7671093720353EE800EFD03E /* ASN1Composite.m */; };
		760F6D3E20465CBB00C2F647 /* TCSADCertificateRequest.m in Sources */ = {isa = PBXBuildFile; fileRef = 760F6C912046515A00C2F647 /* TCSADCertificateRequest.m */; };
		760F6D3F20465CC100C2F647 /* TCSCStringUtilities.c in Sources */ = {isa = PBXBuildFile; fileRef = 760F6D2F2046589300C2F647 /* TCSCStringUtilities.c */; };
		760F6D4020465CCB00C2F647 /* TCSYubiManager.m in Sources */ = {isa = PBXBuildFile; fileRef = 762C50BB2041EBE6006CC25E /* TCSYubiManager.m */; };
		760F6D4120465CCB00C2F647 /* DER.m in Sources */ = {isa = PBXBuildFile; fileRef = 7671093820353EE800EFD03E /* DER.m */; };
		760F6D4220465CCB00C2F647 /* NSString+QP.m in Sources */ = {isa = PBXBuildFile; fileRef = 767109582035418E00EFD03E /* NSString+QP.m */; };
		760F6D4320465CCB00C2F647 /* TCSecurity.m in Sources */ = {isa = PBXBuildFile; fileRef = 7671094620353FA800EFD03E /* TCSecurity.m */; };
		760F6D4420465CCB00C2F647 /* ASN1Primative.m in Sources */ = {isa = PBXBuildFile; fileRef = 7671093020353EE800EFD03E /* ASN1Primative.m */; };
		760F6D4520465CCB00C2F647 /* CertificateSigningRequest.m in Sources */ = {isa = PBXBuildFile; fileRef = 7671095C203547AB00EFD03E /* CertificateSigningRequest.m */; };
		760F6D4620465CCB00C2F647 /* ASN1Utilities.m in Sources */ = {isa = PBXBuildFile; fileRef = 76FC3D4D2037DF0D00DCC7CF /* ASN1Utilities.m */; };
		762C50B92040D7EA006CC25E /* internal.h in Headers */ = {isa = PBXBuildFile; fileRef = 762C50B82040D7EA006CC25E /* internal.h */; };
		762C50BC2041EBE6006CC25E /* TCSYubiManager.h in Headers */ = {isa = PBXBuildFile; fileRef = 762C50BA2041EBE6006CC25E /* TCSYubiManager.h */; settings = {ATTRIBUTES = (Public, ); }; };
		762C50BD2041EBE6006CC25E /* TCSYubiManager.m in Sources */ = {isa = PBXBuildFile; fileRef = 762C50BB2041EBE6006CC25E /* TCSYubiManager.m */; };
		7671091C20353EC900EFD03E /* TCSCertificateRequest.framework in Frameworks */ = {isa = PBXBuildFile; fileRef = 7671091220353EC900EFD03E /* TCSCertificateRequest.framework */; };
		7671092120353ECA00EFD03E /* TCSCertificateRequestTests.m in Sources */ = {isa = PBXBuildFile; fileRef = 7671092020353ECA00EFD03E /* TCSCertificateRequestTests.m */; };
		7671092320353ECA00EFD03E /* TCSCertificateRequest.h in Headers */ = {isa = PBXBuildFile; fileRef = 7671091520353EC900EFD03E /* TCSCertificateRequest.h */; settings = {ATTRIBUTES = (Public, ); }; };
		7671093C20353EE800EFD03E /* ASN1Primative.m in Sources */ = {isa = PBXBuildFile; fileRef = 7671093020353EE800EFD03E /* ASN1Primative.m */; };
		7671093D20353EE800EFD03E /* DER.h in Headers */ = {isa = PBXBuildFile; fileRef = 7671093120353EE800EFD03E /* DER.h */; };
		7671093E20353EE800EFD03E /* ASN1Composite.h in Headers */ = {isa = PBXBuildFile; fileRef = 7671093220353EE800EFD03E /* ASN1Composite.h */; };
		7671094220353EE800EFD03E /* ASN1Primative.h in Headers */ = {isa = PBXBuildFile; fileRef = 7671093620353EE800EFD03E /* ASN1Primative.h */; };
		7671094320353EE800EFD03E /* ASN1Composite.m in Sources */ = {isa = PBXBuildFile; fileRef = 7671093720353EE800EFD03E /* ASN1Composite.m */; };
		7671094420353EE800EFD03E /* DER.m in Sources */ = {isa = PBXBuildFile; fileRef = 7671093820353EE800EFD03E /* DER.m */; };
		7671094820353FA800EFD03E /* TCSecurity.m in Sources */ = {isa = PBXBuildFile; fileRef = 7671094620353FA800EFD03E /* TCSecurity.m */; };
		7671094920353FA800EFD03E /* TCSecurity.h in Headers */ = {isa = PBXBuildFile; fileRef = 7671094720353FA800EFD03E /* TCSecurity.h */; settings = {ATTRIBUTES = (Public, ); }; };
		767109592035418E00EFD03E /* NSString+QP.h in Headers */ = {isa = PBXBuildFile; fileRef = 767109572035417F00EFD03E /* NSString+QP.h */; };
		7671095A2035418E00EFD03E /* NSString+QP.m in Sources */ = {isa = PBXBuildFile; fileRef = 767109582035418E00EFD03E /* NSString+QP.m */; };
		7671095D203547AB00EFD03E /* CertificateSigningRequest.h in Headers */ = {isa = PBXBuildFile; fileRef = 7671095B203547AB00EFD03E /* CertificateSigningRequest.h */; settings = {ATTRIBUTES = (Public, ); }; };
		7671095E203547AB00EFD03E /* CertificateSigningRequest.m in Sources */ = {isa = PBXBuildFile; fileRef = 7671095C203547AB00EFD03E /* CertificateSigningRequest.m */; };
		7678452D203FE0E8000795AD /* ykpiv.h in Headers */ = {isa = PBXBuildFile; fileRef = 7678452B203FE0E7000795AD /* ykpiv.h */; };
		7678452E203FE0E8000795AD /* ykpiv-version.h in Headers */ = {isa = PBXBuildFile; fileRef = 7678452C203FE0E7000795AD /* ykpiv-version.h */; };
		76784537203FE379000795AD /* libykcs11.a in Frameworks */ = {isa = PBXBuildFile; fileRef = 76784536203FE379000795AD /* libykcs11.a */; };
		76784539203FE383000795AD /* libcrypto.a in Frameworks */ = {isa = PBXBuildFile; fileRef = 76784538203FE383000795AD /* libcrypto.a */; };
		7678453B203FE3BB000795AD /* libykpiv.a in Frameworks */ = {isa = PBXBuildFile; fileRef = 7678453A203FE3BB000795AD /* libykpiv.a */; };
		7678453D203FE3EA000795AD /* PCSC.framework in Frameworks */ = {isa = PBXBuildFile; fileRef = 7678453C203FE3EA000795AD /* PCSC.framework */; };
		76881FD5203B4BA000A67877 /* AppDelegate.m in Sources */ = {isa = PBXBuildFile; fileRef = 76881FD4203B4BA000A67877 /* AppDelegate.m */; };
		76881FD7203B4BA000A67877 /* Assets.xcassets in Resources */ = {isa = PBXBuildFile; fileRef = 76881FD6203B4BA000A67877 /* Assets.xcassets */; };
		76881FDA203B4BA000A67877 /* MainMenu.xib in Resources */ = {isa = PBXBuildFile; fileRef = 76881FD8203B4BA000A67877 /* MainMenu.xib */; };
		76881FDD203B4BA000A67877 /* main.m in Sources */ = {isa = PBXBuildFile; fileRef = 76881FDC203B4BA000A67877 /* main.m */; };
		76881FE5203B4BF300A67877 /* TCSCertificateRequest.framework in Frameworks */ = {isa = PBXBuildFile; fileRef = 7671091220353EC900EFD03E /* TCSCertificateRequest.framework */; };
		76881FE7203B4C0D00A67877 /* TCSCertificateRequest.framework in CopyFiles */ = {isa = PBXBuildFile; fileRef = 7671091220353EC900EFD03E /* TCSCertificateRequest.framework */; settings = {ATTRIBUTES = (CodeSignOnCopy, RemoveHeadersOnCopy, ); }; };
		76FC3D4E2037DF0D00DCC7CF /* ASN1Utilities.h in Headers */ = {isa = PBXBuildFile; fileRef = 76FC3D4C2037DF0D00DCC7CF /* ASN1Utilities.h */; };
		76FC3D4F2037DF0D00DCC7CF /* ASN1Utilities.m in Sources */ = {isa = PBXBuildFile; fileRef = 76FC3D4D2037DF0D00DCC7CF /* ASN1Utilities.m */; };
/* End PBXBuildFile section */

/* Begin PBXContainerItemProxy section */
		760F6D2C204655DE00C2F647 /* PBXContainerItemProxy */ = {
			isa = PBXContainerItemProxy;
			containerPortal = 7671090920353EC900EFD03E /* Project object */;
			proxyType = 1;
			remoteGlobalIDString = 760F6D1E2046544C00C2F647;
			remoteInfo = "ms-icp_cstub.o";
		};
		760F6D3B20465C8700C2F647 /* PBXContainerItemProxy */ = {
			isa = PBXContainerItemProxy;
			containerPortal = 7671090920353EC900EFD03E /* Project object */;
			proxyType = 1;
			remoteGlobalIDString = 760F6D1E2046544C00C2F647;
			remoteInfo = "ms-icp_cstub.o";
		};
		7671091D20353EC900EFD03E /* PBXContainerItemProxy */ = {
			isa = PBXContainerItemProxy;
			containerPortal = 7671090920353EC900EFD03E /* Project object */;
			proxyType = 1;
			remoteGlobalIDString = 7671091120353EC900EFD03E;
			remoteInfo = TCSCertificateRequest;
		};
		76881FE2203B4BE000A67877 /* PBXContainerItemProxy */ = {
			isa = PBXContainerItemProxy;
			containerPortal = 7671090920353EC900EFD03E /* Project object */;
			proxyType = 1;
			remoteGlobalIDString = 7671091120353EC900EFD03E;
			remoteInfo = TCSCertificateRequest;
		};
/* End PBXContainerItemProxy section */

/* Begin PBXCopyFilesBuildPhase section */
		76784531203FE1B2000795AD /* CopyFiles */ = {
			isa = PBXCopyFilesBuildPhase;
			buildActionMask = 2147483647;
			dstPath = "";
			dstSubfolderSpec = 6;
			files = (
			);
			runOnlyForDeploymentPostprocessing = 0;
		};
		76881FE6203B4BFF00A67877 /* CopyFiles */ = {
			isa = PBXCopyFilesBuildPhase;
			buildActionMask = 2147483647;
			dstPath = "";
			dstSubfolderSpec = 10;
			files = (
				76881FE7203B4C0D00A67877 /* TCSCertificateRequest.framework in CopyFiles */,
			);
			runOnlyForDeploymentPostprocessing = 0;
		};
/* End PBXCopyFilesBuildPhase section */

/* Begin PBXFileReference section */
		760F6C902046515A00C2F647 /* TCSADCertificateRequest.h */ = {isa = PBXFileReference; lastKnownFileType = sourcecode.c.h; path = TCSADCertificateRequest.h; sourceTree = "<group>"; };
		760F6C912046515A00C2F647 /* TCSADCertificateRequest.m */ = {isa = PBXFileReference; lastKnownFileType = sourcecode.c.objc; path = TCSADCertificateRequest.m; sourceTree = "<group>"; };
		760F6C952046528F00C2F647 /* ms-icp.h */ = {isa = PBXFileReference; fileEncoding = 4; lastKnownFileType = sourcecode.c.h; path = "ms-icp.h"; sourceTree = "<group>"; };
		760F6C972046528F00C2F647 /* codesets.idl */ = {isa = PBXFileReference; fileEncoding = 4; lastKnownFileType = text; path = codesets.idl; sourceTree = "<group>"; };
		760F6C982046528F00C2F647 /* twr.h */ = {isa = PBXFileReference; fileEncoding = 4; lastKnownFileType = sourcecode.c.h; path = twr.h; sourceTree = "<group>"; };
		760F6C992046528F00C2F647 /* mgmt.idl */ = {isa = PBXFileReference; fileEncoding = 4; lastKnownFileType = text; path = mgmt.idl; sourceTree = "<group>"; };
		760F6C9A2046528F00C2F647 /* sec_authn.h */ = {isa = PBXFileReference; fileEncoding = 4; lastKnownFileType = sourcecode.c.h; path = sec_authn.h; sourceTree = "<group>"; };
		760F6C9B2046528F00C2F647 /* idlbase.h */ = {isa = PBXFileReference; fileEncoding = 4; lastKnownFileType = sourcecode.c.h; path = idlbase.h; sourceTree = "<group>"; };
		760F6C9C2046528F00C2F647 /* conv.idl */ = {isa = PBXFileReference; fileEncoding = 4; lastKnownFileType = text; path = conv.idl; sourceTree = "<group>"; };
		760F6C9D2046528F00C2F647 /* convc.h */ = {isa = PBXFileReference; fileEncoding = 4; lastKnownFileType = sourcecode.c.h; path = convc.h; sourceTree = "<group>"; };
		760F6C9E2046528F00C2F647 /* rpcbase.h */ = {isa = PBXFileReference; fileEncoding = 4; lastKnownFileType = sourcecode.c.h; path = rpcbase.h; sourceTree = "<group>"; };
		760F6C9F2046528F00C2F647 /* uuid.idl */ = {isa = PBXFileReference; fileEncoding = 4; lastKnownFileType = text; path = uuid.idl; sourceTree = "<group>"; };
		760F6CA02046528F00C2F647 /* rpctypes.h */ = {isa = PBXFileReference; fileEncoding = 4; lastKnownFileType = sourcecode.c.h; path = rpctypes.h; sourceTree = "<group>"; };
		760F6CA12046528F00C2F647 /* ndrold.h */ = {isa = PBXFileReference; fileEncoding = 4; lastKnownFileType = sourcecode.c.h; path = ndrold.h; sourceTree = "<group>"; };
		760F6CA22046528F00C2F647 /* ncastat.idl */ = {isa = PBXFileReference; fileEncoding = 4; lastKnownFileType = text; path = ncastat.idl; sourceTree = "<group>"; };
		760F6CA32046528F00C2F647 /* uuid.h */ = {isa = PBXFileReference; fileEncoding = 4; lastKnownFileType = sourcecode.c.h; path = uuid.h; sourceTree = "<group>"; };
		760F6CA42046528F00C2F647 /* schannel.idl */ = {isa = PBXFileReference; fileEncoding = 4; lastKnownFileType = text; path = schannel.idl; sourceTree = "<group>"; };
		760F6CA52046528F00C2F647 /* marshall.h */ = {isa = PBXFileReference; fileEncoding = 4; lastKnownFileType = sourcecode.c.h; path = marshall.h; sourceTree = "<group>"; };
		760F6CA62046528F00C2F647 /* ncastat.h */ = {isa = PBXFileReference; fileEncoding = 4; lastKnownFileType = sourcecode.c.h; path = ncastat.h; sourceTree = "<group>"; };
		760F6CA72046528F00C2F647 /* iovector.idl */ = {isa = PBXFileReference; fileEncoding = 4; lastKnownFileType = text; path = iovector.idl; sourceTree = "<group>"; };
		760F6CA82046528F00C2F647 /* ndrold.idl */ = {isa = PBXFileReference; fileEncoding = 4; lastKnownFileType = text; path = ndrold.idl; sourceTree = "<group>"; };
		760F6CA92046528F00C2F647 /* rpcsts.idl */ = {isa = PBXFileReference; fileEncoding = 4; lastKnownFileType = text; path = rpcsts.idl; sourceTree = "<group>"; };
		760F6CAA2046528F00C2F647 /* rpcsts.h */ = {isa = PBXFileReference; fileEncoding = 4; lastKnownFileType = sourcecode.c.h; path = rpcsts.h; sourceTree = "<group>"; };
		760F6CAB2046528F00C2F647 /* smb.h */ = {isa = PBXFileReference; fileEncoding = 4; lastKnownFileType = sourcecode.c.h; path = smb.h; sourceTree = "<group>"; };
		760F6CAC2046528F00C2F647 /* dce.h */ = {isa = PBXFileReference; fileEncoding = 4; lastKnownFileType = sourcecode.c.h; path = dce.h; sourceTree = "<group>"; };
		760F6CAD2046528F00C2F647 /* ep.h */ = {isa = PBXFileReference; fileEncoding = 4; lastKnownFileType = sourcecode.c.h; path = ep.h; sourceTree = "<group>"; };
		760F6CAE2046528F00C2F647 /* ndrtypes.h */ = {isa = PBXFileReference; fileEncoding = 4; lastKnownFileType = sourcecode.c.h; path = ndrtypes.h; sourceTree = "<group>"; };
		760F6CAF2046528F00C2F647 /* lrpc.h */ = {isa = PBXFileReference; fileEncoding = 4; lastKnownFileType = sourcecode.c.h; path = lrpc.h; sourceTree = "<group>"; };
		760F6CB02046528F00C2F647 /* rpcexc.h */ = {isa = PBXFileReference; fileEncoding = 4; lastKnownFileType = sourcecode.c.h; path = rpcexc.h; sourceTree = "<group>"; };
		760F6CB12046528F00C2F647 /* codesets.h */ = {isa = PBXFileReference; fileEncoding = 4; lastKnownFileType = sourcecode.c.h; path = codesets.h; sourceTree = "<group>"; };
		760F6CB22046528F00C2F647 /* smb.idl */ = {isa = PBXFileReference; fileEncoding = 4; lastKnownFileType = text; path = smb.idl; sourceTree = "<group>"; };
		760F6CB32046528F00C2F647 /* nbase.idl */ = {isa = PBXFileReference; fileEncoding = 4; lastKnownFileType = text; path = nbase.idl; sourceTree = "<group>"; };
		760F6CB42046528F00C2F647 /* ndr_rep.h */ = {isa = PBXFileReference; fileEncoding = 4; lastKnownFileType = sourcecode.c.h; path = ndr_rep.h; sourceTree = "<group>"; };
		760F6CB52046528F00C2F647 /* mgmt.h */ = {isa = PBXFileReference; fileEncoding = 4; lastKnownFileType = sourcecode.c.h; path = mgmt.h; sourceTree = "<group>"; };
		760F6CB62046528F00C2F647 /* dcethread.h */ = {isa = PBXFileReference; fileEncoding = 4; lastKnownFileType = sourcecode.c.h; path = dcethread.h; sourceTree = "<group>"; };
		760F6CB72046528F00C2F647 /* iovector.h */ = {isa = PBXFileReference; fileEncoding = 4; lastKnownFileType = sourcecode.c.h; path = iovector.h; sourceTree = "<group>"; };
		760F6CB82046528F00C2F647 /* idl_es.h */ = {isa = PBXFileReference; fileEncoding = 4; lastKnownFileType = sourcecode.c.h; path = idl_es.h; sourceTree = "<group>"; };
		760F6CB92046528F00C2F647 /* rpc.idl */ = {isa = PBXFileReference; fileEncoding = 4; lastKnownFileType = text; path = rpc.idl; sourceTree = "<group>"; };
		760F6CBA2046528F00C2F647 /* pickle.h */ = {isa = PBXFileReference; fileEncoding = 4; lastKnownFileType = sourcecode.c.h; path = pickle.h; sourceTree = "<group>"; };
		760F6CBB2046528F00C2F647 /* rpctypes.idl */ = {isa = PBXFileReference; fileEncoding = 4; lastKnownFileType = text; path = rpctypes.idl; sourceTree = "<group>"; };
		760F6CBC2046528F00C2F647 /* idlddefs.h */ = {isa = PBXFileReference; fileEncoding = 4; lastKnownFileType = sourcecode.c.h; path = idlddefs.h; sourceTree = "<group>"; };
		760F6CBD2046528F00C2F647 /* rpc.h */ = {isa = PBXFileReference; fileEncoding = 4; lastKnownFileType = sourcecode.c.h; path = rpc.h; sourceTree = "<group>"; };
		760F6CBF2046528F00C2F647 /* marshall.h */ = {isa = PBXFileReference; fileEncoding = 4; lastKnownFileType = sourcecode.c.h; path = marshall.h; sourceTree = "<group>"; };
		760F6CC02046528F00C2F647 /* ndrtypes.h */ = {isa = PBXFileReference; fileEncoding = 4; lastKnownFileType = sourcecode.c.h; path = ndrtypes.h; sourceTree = "<group>"; };
		760F6CC12046528F00C2F647 /* ndr_rep.h */ = {isa = PBXFileReference; fileEncoding = 4; lastKnownFileType = sourcecode.c.h; path = ndr_rep.h; sourceTree = "<group>"; };
		760F6CC22046528F00C2F647 /* rpcpvt.h */ = {isa = PBXFileReference; fileEncoding = 4; lastKnownFileType = sourcecode.c.h; path = rpcpvt.h; sourceTree = "<group>"; };
		760F6CC42046528F00C2F647 /* sec_authn.h */ = {isa = PBXFileReference; fileEncoding = 4; lastKnownFileType = sourcecode.c.h; path = sec_authn.h; sourceTree = "<group>"; };
		760F6CC52046528F00C2F647 /* dce.h */ = {isa = PBXFileReference; fileEncoding = 4; lastKnownFileType = sourcecode.c.h; path = dce.h; sourceTree = "<group>"; };
		760F6CC62046528F00C2F647 /* dce_utils.h */ = {isa = PBXFileReference; fileEncoding = 4; lastKnownFileType = sourcecode.c.h; path = dce_utils.h; sourceTree = "<group>"; };
		760F6CC72046528F00C2F647 /* dce_error.h */ = {isa = PBXFileReference; fileEncoding = 4; lastKnownFileType = sourcecode.c.h; path = dce_error.h; sourceTree = "<group>"; };
		760F6CC82046528F00C2F647 /* id_base.h */ = {isa = PBXFileReference; fileEncoding = 4; lastKnownFileType = sourcecode.c.h; path = id_base.h; sourceTree = "<group>"; };
		760F6CC92046528F00C2F647 /* twr.idl */ = {isa = PBXFileReference; fileEncoding = 4; lastKnownFileType = text; path = twr.idl; sourceTree = "<group>"; };
		760F6CCA2046528F00C2F647 /* schannel.h */ = {isa = PBXFileReference; fileEncoding = 4; lastKnownFileType = sourcecode.c.h; path = schannel.h; sourceTree = "<group>"; };
		760F6CCB2046528F00C2F647 /* dce_utils.h */ = {isa = PBXFileReference; fileEncoding = 4; lastKnownFileType = sourcecode.c.h; path = dce_utils.h; sourceTree = "<group>"; };
		760F6CCC2046528F00C2F647 /* lbase.h */ = {isa = PBXFileReference; fileEncoding = 4; lastKnownFileType = sourcecode.c.h; path = lbase.h; sourceTree = "<group>"; };
		760F6CCD2046528F00C2F647 /* lbase.idl */ = {isa = PBXFileReference; fileEncoding = 4; lastKnownFileType = text; path = lbase.idl; sourceTree = "<group>"; };
		760F6CCE2046528F00C2F647 /* dce_error.h */ = {isa = PBXFileReference; fileEncoding = 4; lastKnownFileType = sourcecode.c.h; path = dce_error.h; sourceTree = "<group>"; };
		760F6CCF2046528F00C2F647 /* stubbase.h */ = {isa = PBXFileReference; fileEncoding = 4; lastKnownFileType = sourcecode.c.h; path = stubbase.h; sourceTree = "<group>"; };
		760F6CD02046528F00C2F647 /* ep.idl */ = {isa = PBXFileReference; fileEncoding = 4; lastKnownFileType = text; path = ep.idl; sourceTree = "<group>"; };
		760F6CD12046528F00C2F647 /* conv.h */ = {isa = PBXFileReference; fileEncoding = 4; lastKnownFileType = sourcecode.c.h; path = conv.h; sourceTree = "<group>"; };
		760F6CD22046528F00C2F647 /* id_base.idl */ = {isa = PBXFileReference; fileEncoding = 4; lastKnownFileType = text; path = id_base.idl; sourceTree = "<group>"; };
		760F6CD32046528F00C2F647 /* nbase.h */ = {isa = PBXFileReference; fileEncoding = 4; lastKnownFileType = sourcecode.c.h; path = nbase.h; sourceTree = "<group>"; };
		760F6CD42046528F00C2F647 /* lrpc.idl */ = {isa = PBXFileReference; fileEncoding = 4; lastKnownFileType = text; path = lrpc.idl; sourceTree = "<group>"; };
		760F6CD52046528F00C2F647 /* convc.idl */ = {isa = PBXFileReference; fileEncoding = 4; lastKnownFileType = text; path = convc.idl; sourceTree = "<group>"; };
		760F6CD62046528F00C2F647 /* rpcpvt.idl */ = {isa = PBXFileReference; fileEncoding = 4; lastKnownFileType = text; path = rpcpvt.idl; sourceTree = "<group>"; };
		760F6CD72046528F00C2F647 /* rpcbase.idl */ = {isa = PBXFileReference; fileEncoding = 4; lastKnownFileType = text; path = rpcbase.idl; sourceTree = "<group>"; };
		760F6CD82046528F00C2F647 /* dtyp.h */ = {isa = PBXFileReference; fileEncoding = 4; lastKnownFileType = sourcecode.c.h; path = dtyp.h; sourceTree = "<group>"; };
		760F6D1A2046539400C2F647 /* Security.framework */ = {isa = PBXFileReference; lastKnownFileType = wrapper.framework; name = Security.framework; path = System/Library/Frameworks/Security.framework; sourceTree = SDKROOT; };
		760F6D242046550B00C2F647 /* ms-icp_cstub.o */ = {isa = PBXFileReference; lastKnownFileType = "compiled.mach-o.objfile"; path = "ms-icp_cstub.o"; sourceTree = "<group>"; };
		760F6D272046551700C2F647 /* ms-icp.idl */ = {isa = PBXFileReference; lastKnownFileType = text; path = "ms-icp.idl"; sourceTree = "<group>"; };
		760F6D28204655B000C2F647 /* DCERPC.framework */ = {isa = PBXFileReference; lastKnownFileType = wrapper.framework; path = DCERPC.framework; sourceTree = "<group>"; };
		760F6D2A204655BC00C2F647 /* CoreFoundation.framework */ = {isa = PBXFileReference; lastKnownFileType = wrapper.framework; name = CoreFoundation.framework; path = System/Library/Frameworks/CoreFoundation.framework; sourceTree = SDKROOT; };
		760F6D2E2046589300C2F647 /* TCSCStringUtilities.h */ = {isa = PBXFileReference; lastKnownFileType = sourcecode.c.h; path = TCSCStringUtilities.h; sourceTree = "<group>"; };
		760F6D2F2046589300C2F647 /* TCSCStringUtilities.c */ = {isa = PBXFileReference; lastKnownFileType = sourcecode.c.c; path = TCSCStringUtilities.c; sourceTree = "<group>"; };
		760F6D3720465C7D00C2F647 /* libTCSCertificateRequestStaticLibrary.a */ = {isa = PBXFileReference; explicitFileType = archive.ar; includeInIndex = 0; path = libTCSCertificateRequestStaticLibrary.a; sourceTree = BUILT_PRODUCTS_DIR; };
		762C50B82040D7EA006CC25E /* internal.h */ = {isa = PBXFileReference; fileEncoding = 4; lastKnownFileType = sourcecode.c.h; path = internal.h; sourceTree = "<group>"; };
		762C50BA2041EBE6006CC25E /* TCSYubiManager.h */ = {isa = PBXFileReference; lastKnownFileType = sourcecode.c.h; path = TCSYubiManager.h; sourceTree = "<group>"; };
		762C50BB2041EBE6006CC25E /* TCSYubiManager.m */ = {isa = PBXFileReference; lastKnownFileType = sourcecode.c.objc; path = TCSYubiManager.m; sourceTree = "<group>"; };
		7671091220353EC900EFD03E /* TCSCertificateRequest.framework */ = {isa = PBXFileReference; explicitFileType = wrapper.framework; includeInIndex = 0; path = TCSCertificateRequest.framework; sourceTree = BUILT_PRODUCTS_DIR; };
		7671091520353EC900EFD03E /* TCSCertificateRequest.h */ = {isa = PBXFileReference; lastKnownFileType = sourcecode.c.h; path = TCSCertificateRequest.h; sourceTree = "<group>"; };
		7671091620353EC900EFD03E /* Info.plist */ = {isa = PBXFileReference; lastKnownFileType = text.plist.xml; path = Info.plist; sourceTree = "<group>"; };
		7671091B20353EC900EFD03E /* TCSCertificateRequestFrameworkTests.xctest */ = {isa = PBXFileReference; explicitFileType = wrapper.cfbundle; includeInIndex = 0; path = TCSCertificateRequestFrameworkTests.xctest; sourceTree = BUILT_PRODUCTS_DIR; };
		7671092020353ECA00EFD03E /* TCSCertificateRequestTests.m */ = {isa = PBXFileReference; lastKnownFileType = sourcecode.c.objc; path = TCSCertificateRequestTests.m; sourceTree = "<group>"; };
		7671092220353ECA00EFD03E /* Info.plist */ = {isa = PBXFileReference; lastKnownFileType = text.plist.xml; path = Info.plist; sourceTree = "<group>"; };
		7671093020353EE800EFD03E /* ASN1Primative.m */ = {isa = PBXFileReference; fileEncoding = 4; lastKnownFileType = sourcecode.c.objc; path = ASN1Primative.m; sourceTree = "<group>"; };
		7671093120353EE800EFD03E /* DER.h */ = {isa = PBXFileReference; fileEncoding = 4; lastKnownFileType = sourcecode.c.h; path = DER.h; sourceTree = "<group>"; };
		7671093220353EE800EFD03E /* ASN1Composite.h */ = {isa = PBXFileReference; fileEncoding = 4; lastKnownFileType = sourcecode.c.h; path = ASN1Composite.h; sourceTree = "<group>"; };
		7671093620353EE800EFD03E /* ASN1Primative.h */ = {isa = PBXFileReference; fileEncoding = 4; lastKnownFileType = sourcecode.c.h; path = ASN1Primative.h; sourceTree = "<group>"; };
		7671093720353EE800EFD03E /* ASN1Composite.m */ = {isa = PBXFileReference; fileEncoding = 4; lastKnownFileType = sourcecode.c.objc; path = ASN1Composite.m; sourceTree = "<group>"; };
		7671093820353EE800EFD03E /* DER.m */ = {isa = PBXFileReference; fileEncoding = 4; lastKnownFileType = sourcecode.c.objc; path = DER.m; sourceTree = "<group>"; };
		7671094620353FA800EFD03E /* TCSecurity.m */ = {isa = PBXFileReference; fileEncoding = 4; lastKnownFileType = sourcecode.c.objc; path = TCSecurity.m; sourceTree = "<group>"; };
		7671094720353FA800EFD03E /* TCSecurity.h */ = {isa = PBXFileReference; fileEncoding = 4; lastKnownFileType = sourcecode.c.h; path = TCSecurity.h; sourceTree = "<group>"; };
		767109572035417F00EFD03E /* NSString+QP.h */ = {isa = PBXFileReference; fileEncoding = 4; lastKnownFileType = sourcecode.c.h; path = "NSString+QP.h"; sourceTree = "<group>"; };
		767109582035418E00EFD03E /* NSString+QP.m */ = {isa = PBXFileReference; fileEncoding = 4; lastKnownFileType = sourcecode.c.objc; path = "NSString+QP.m"; sourceTree = "<group>"; };
		7671095B203547AB00EFD03E /* CertificateSigningRequest.h */ = {isa = PBXFileReference; lastKnownFileType = sourcecode.c.h; path = CertificateSigningRequest.h; sourceTree = "<group>"; };
		7671095C203547AB00EFD03E /* CertificateSigningRequest.m */ = {isa = PBXFileReference; lastKnownFileType = sourcecode.c.objc; path = CertificateSigningRequest.m; sourceTree = "<group>"; };
		7678452B203FE0E7000795AD /* ykpiv.h */ = {isa = PBXFileReference; fileEncoding = 4; lastKnownFileType = sourcecode.c.h; path = ykpiv.h; sourceTree = "<group>"; };
		7678452C203FE0E7000795AD /* ykpiv-version.h */ = {isa = PBXFileReference; fileEncoding = 4; lastKnownFileType = sourcecode.c.h; path = "ykpiv-version.h"; sourceTree = "<group>"; };
		76784536203FE379000795AD /* libykcs11.a */ = {isa = PBXFileReference; lastKnownFileType = archive.ar; path = libykcs11.a; sourceTree = "<group>"; };
		76784538203FE383000795AD /* libcrypto.a */ = {isa = PBXFileReference; lastKnownFileType = archive.ar; path = libcrypto.a; sourceTree = "<group>"; };
		7678453A203FE3BB000795AD /* libykpiv.a */ = {isa = PBXFileReference; lastKnownFileType = archive.ar; path = libykpiv.a; sourceTree = "<group>"; };
		7678453C203FE3EA000795AD /* PCSC.framework */ = {isa = PBXFileReference; lastKnownFileType = wrapper.framework; name = PCSC.framework; path = System/Library/Frameworks/PCSC.framework; sourceTree = SDKROOT; };
		76881FD1203B4BA000A67877 /* TCS Cert Request.app */ = {isa = PBXFileReference; explicitFileType = wrapper.application; includeInIndex = 0; path = "TCS Cert Request.app"; sourceTree = BUILT_PRODUCTS_DIR; };
		76881FD3203B4BA000A67877 /* AppDelegate.h */ = {isa = PBXFileReference; lastKnownFileType = sourcecode.c.h; path = AppDelegate.h; sourceTree = "<group>"; };
		76881FD4203B4BA000A67877 /* AppDelegate.m */ = {isa = PBXFileReference; lastKnownFileType = sourcecode.c.objc; path = AppDelegate.m; sourceTree = "<group>"; };
		76881FD6203B4BA000A67877 /* Assets.xcassets */ = {isa = PBXFileReference; lastKnownFileType = folder.assetcatalog; path = Assets.xcassets; sourceTree = "<group>"; };
		76881FD9203B4BA000A67877 /* Base */ = {isa = PBXFileReference; lastKnownFileType = file.xib; name = Base; path = Base.lproj/MainMenu.xib; sourceTree = "<group>"; };
		76881FDB203B4BA000A67877 /* Info.plist */ = {isa = PBXFileReference; lastKnownFileType = text.plist.xml; path = Info.plist; sourceTree = "<group>"; };
		76881FDC203B4BA000A67877 /* main.m */ = {isa = PBXFileReference; lastKnownFileType = sourcecode.c.objc; path = main.m; sourceTree = "<group>"; };
		76881FDE203B4BA000A67877 /* SimpleCSRRequest.entitlements */ = {isa = PBXFileReference; lastKnownFileType = text.plist.entitlements; path = SimpleCSRRequest.entitlements; sourceTree = "<group>"; };
		76881FE8203B54CE00A67877 /* LICENSE */ = {isa = PBXFileReference; lastKnownFileType = text; path = LICENSE; sourceTree = "<group>"; };
		76881FE9203B56C100A67877 /* README.md */ = {isa = PBXFileReference; lastKnownFileType = net.daringfireball.markdown; path = README.md; sourceTree = "<group>"; };
		76FC3D4C2037DF0D00DCC7CF /* ASN1Utilities.h */ = {isa = PBXFileReference; lastKnownFileType = sourcecode.c.h; name = ASN1Utilities.h; path = TCSCertificateRequest/ASN/ASN1Utilities.h; sourceTree = SOURCE_ROOT; };
		76FC3D4D2037DF0D00DCC7CF /* ASN1Utilities.m */ = {isa = PBXFileReference; lastKnownFileType = sourcecode.c.objc; name = ASN1Utilities.m; path = TCSCertificateRequest/ASN/ASN1Utilities.m; sourceTree = SOURCE_ROOT; };
/* End PBXFileReference section */

/* Begin PBXFrameworksBuildPhase section */
		760F6D3420465C7D00C2F647 /* Frameworks */ = {
			isa = PBXFrameworksBuildPhase;
			buildActionMask = 2147483647;
			files = (
			);
			runOnlyForDeploymentPostprocessing = 0;
		};
		7671090E20353EC900EFD03E /* Frameworks */ = {
			isa = PBXFrameworksBuildPhase;
			buildActionMask = 2147483647;
			files = (
				760F6D2B204655BC00C2F647 /* CoreFoundation.framework in Frameworks */,
				760F6D252046550B00C2F647 /* ms-icp_cstub.o in Frameworks */,
				760F6D29204655B100C2F647 /* DCERPC.framework in Frameworks */,
				760F6D1B2046539400C2F647 /* Security.framework in Frameworks */,
				7678453D203FE3EA000795AD /* PCSC.framework in Frameworks */,
				7678453B203FE3BB000795AD /* libykpiv.a in Frameworks */,
				76784537203FE379000795AD /* libykcs11.a in Frameworks */,
				76784539203FE383000795AD /* libcrypto.a in Frameworks */,
			);
			runOnlyForDeploymentPostprocessing = 0;
		};
		7671091820353EC900EFD03E /* Frameworks */ = {
			isa = PBXFrameworksBuildPhase;
			buildActionMask = 2147483647;
			files = (
				7671091C20353EC900EFD03E /* TCSCertificateRequest.framework in Frameworks */,
			);
			runOnlyForDeploymentPostprocessing = 0;
		};
		76881FCE203B4BA000A67877 /* Frameworks */ = {
			isa = PBXFrameworksBuildPhase;
			buildActionMask = 2147483647;
			files = (
				76881FE5203B4BF300A67877 /* TCSCertificateRequest.framework in Frameworks */,
			);
			runOnlyForDeploymentPostprocessing = 0;
		};
/* End PBXFrameworksBuildPhase section */

/* Begin PBXGroup section */
		760F6C942046528F00C2F647 /* headers */ = {
			isa = PBXGroup;
			children = (
				7678452C203FE0E7000795AD /* ykpiv-version.h */,
				7678452B203FE0E7000795AD /* ykpiv.h */,
				762C50B82040D7EA006CC25E /* internal.h */,
				760F6C952046528F00C2F647 /* ms-icp.h */,
				760F6C962046528F00C2F647 /* dce */,
				760F6CD82046528F00C2F647 /* dtyp.h */,
			);
			path = headers;
			sourceTree = "<group>";
		};
		760F6C962046528F00C2F647 /* dce */ = {
			isa = PBXGroup;
			children = (
				760F6C972046528F00C2F647 /* codesets.idl */,
				760F6C982046528F00C2F647 /* twr.h */,
				760F6C992046528F00C2F647 /* mgmt.idl */,
				760F6C9A2046528F00C2F647 /* sec_authn.h */,
				760F6C9B2046528F00C2F647 /* idlbase.h */,
				760F6C9C2046528F00C2F647 /* conv.idl */,
				760F6C9D2046528F00C2F647 /* convc.h */,
				760F6C9E2046528F00C2F647 /* rpcbase.h */,
				760F6C9F2046528F00C2F647 /* uuid.idl */,
				760F6CA02046528F00C2F647 /* rpctypes.h */,
				760F6CA12046528F00C2F647 /* ndrold.h */,
				760F6CA22046528F00C2F647 /* ncastat.idl */,
				760F6CA32046528F00C2F647 /* uuid.h */,
				760F6CA42046528F00C2F647 /* schannel.idl */,
				760F6CA52046528F00C2F647 /* marshall.h */,
				760F6CA62046528F00C2F647 /* ncastat.h */,
				760F6CA72046528F00C2F647 /* iovector.idl */,
				760F6CA82046528F00C2F647 /* ndrold.idl */,
				760F6CA92046528F00C2F647 /* rpcsts.idl */,
				760F6CAA2046528F00C2F647 /* rpcsts.h */,
				760F6CAB2046528F00C2F647 /* smb.h */,
				760F6CAC2046528F00C2F647 /* dce.h */,
				760F6CAD2046528F00C2F647 /* ep.h */,
				760F6CAE2046528F00C2F647 /* ndrtypes.h */,
				760F6CAF2046528F00C2F647 /* lrpc.h */,
				760F6CB02046528F00C2F647 /* rpcexc.h */,
				760F6CB12046528F00C2F647 /* codesets.h */,
				760F6CB22046528F00C2F647 /* smb.idl */,
				760F6CB32046528F00C2F647 /* nbase.idl */,
				760F6CB42046528F00C2F647 /* ndr_rep.h */,
				760F6CB52046528F00C2F647 /* mgmt.h */,
				760F6CB62046528F00C2F647 /* dcethread.h */,
				760F6CB72046528F00C2F647 /* iovector.h */,
				760F6CB82046528F00C2F647 /* idl_es.h */,
				760F6CB92046528F00C2F647 /* rpc.idl */,
				760F6CBA2046528F00C2F647 /* pickle.h */,
				760F6CBB2046528F00C2F647 /* rpctypes.idl */,
				760F6CBC2046528F00C2F647 /* idlddefs.h */,
				760F6CBD2046528F00C2F647 /* rpc.h */,
				760F6CBE2046528F00C2F647 /* generic */,
				760F6CC22046528F00C2F647 /* rpcpvt.h */,
				760F6CC32046528F00C2F647 /* darwin */,
				760F6CC82046528F00C2F647 /* id_base.h */,
				760F6CC92046528F00C2F647 /* twr.idl */,
				760F6CCA2046528F00C2F647 /* schannel.h */,
				760F6CCB2046528F00C2F647 /* dce_utils.h */,
				760F6CCC2046528F00C2F647 /* lbase.h */,
				760F6CCD2046528F00C2F647 /* lbase.idl */,
				760F6CCE2046528F00C2F647 /* dce_error.h */,
				760F6CCF2046528F00C2F647 /* stubbase.h */,
				760F6CD02046528F00C2F647 /* ep.idl */,
				760F6CD12046528F00C2F647 /* conv.h */,
				760F6CD22046528F00C2F647 /* id_base.idl */,
				760F6CD32046528F00C2F647 /* nbase.h */,
				760F6CD42046528F00C2F647 /* lrpc.idl */,
				760F6CD52046528F00C2F647 /* convc.idl */,
				760F6CD62046528F00C2F647 /* rpcpvt.idl */,
				760F6CD72046528F00C2F647 /* rpcbase.idl */,
			);
			path = dce;
			sourceTree = "<group>";
		};
		760F6CBE2046528F00C2F647 /* generic */ = {
			isa = PBXGroup;
			children = (
				760F6CBF2046528F00C2F647 /* marshall.h */,
				760F6CC02046528F00C2F647 /* ndrtypes.h */,
				760F6CC12046528F00C2F647 /* ndr_rep.h */,
			);
			path = generic;
			sourceTree = "<group>";
		};
		760F6CC32046528F00C2F647 /* darwin */ = {
			isa = PBXGroup;
			children = (
				760F6CC42046528F00C2F647 /* sec_authn.h */,
				760F6CC52046528F00C2F647 /* dce.h */,
				760F6CC62046528F00C2F647 /* dce_utils.h */,
				760F6CC72046528F00C2F647 /* dce_error.h */,
			);
			path = darwin;
			sourceTree = "<group>";
		};
		760F6D262046551100C2F647 /* Support Files */ = {
			isa = PBXGroup;
			children = (
				760F6D242046550B00C2F647 /* ms-icp_cstub.o */,
				760F6D272046551700C2F647 /* ms-icp.idl */,
			);
			path = "Support Files";
			sourceTree = "<group>";
		};
		760F6D322046596200C2F647 /* Utilities */ = {
			isa = PBXGroup;
			children = (
				760F6D2E2046589300C2F647 /* TCSCStringUtilities.h */,
				760F6D2F2046589300C2F647 /* TCSCStringUtilities.c */,
			);
			path = Utilities;
			sourceTree = "<group>";
		};
		7671090820353EC900EFD03E = {
			isa = PBXGroup;
			children = (
				760F6D262046551100C2F647 /* Support Files */,
				760F6C942046528F00C2F647 /* headers */,
				76881FE9203B56C100A67877 /* README.md */,
				76881FE8203B54CE00A67877 /* LICENSE */,
				760F6D322046596200C2F647 /* Utilities */,
				7671091420353EC900EFD03E /* TCSCertificateRequest */,
				7671091F20353EC900EFD03E /* TCSCertificateRequestTests */,
				76881FD2203B4BA000A67877 /* TCS Cert Request GUI */,
				7671091320353EC900EFD03E /* Products */,
				76881FE4203B4BF300A67877 /* Frameworks */,
			);
			sourceTree = "<group>";
		};
		7671091320353EC900EFD03E /* Products */ = {
			isa = PBXGroup;
			children = (
				7671091220353EC900EFD03E /* TCSCertificateRequest.framework */,
				7671091B20353EC900EFD03E /* TCSCertificateRequestFrameworkTests.xctest */,
				76881FD1203B4BA000A67877 /* TCS Cert Request.app */,
				760F6D3720465C7D00C2F647 /* libTCSCertificateRequestStaticLibrary.a */,
			);
			name = Products;
			sourceTree = "<group>";
		};
		7671091420353EC900EFD03E /* TCSCertificateRequest */ = {
			isa = PBXGroup;
			children = (
				7671091520353EC900EFD03E /* TCSCertificateRequest.h */,
				7671095B203547AB00EFD03E /* CertificateSigningRequest.h */,
				7671095C203547AB00EFD03E /* CertificateSigningRequest.m */,
				760F6C902046515A00C2F647 /* TCSADCertificateRequest.h */,
				760F6C912046515A00C2F647 /* TCSADCertificateRequest.m */,
				7671094A20353FC900EFD03E /* Helpers */,
				7671094520353FA800EFD03E /* Security */,
				7671092C20353EE800EFD03E /* ASN */,
				7671091620353EC900EFD03E /* Info.plist */,
			);
			path = TCSCertificateRequest;
			sourceTree = "<group>";
		};
		7671091F20353EC900EFD03E /* TCSCertificateRequestTests */ = {
			isa = PBXGroup;
			children = (
				7671092020353ECA00EFD03E /* TCSCertificateRequestTests.m */,
				7671092220353ECA00EFD03E /* Info.plist */,
			);
			path = TCSCertificateRequestTests;
			sourceTree = "<group>";
		};
		7671092C20353EE800EFD03E /* ASN */ = {
			isa = PBXGroup;
			children = (
				7671093120353EE800EFD03E /* DER.h */,
				7671093820353EE800EFD03E /* DER.m */,
				76FC3D4C2037DF0D00DCC7CF /* ASN1Utilities.h */,
				76FC3D4D2037DF0D00DCC7CF /* ASN1Utilities.m */,
				7671093620353EE800EFD03E /* ASN1Primative.h */,
				7671093020353EE800EFD03E /* ASN1Primative.m */,
				7671093220353EE800EFD03E /* ASN1Composite.h */,
				7671093720353EE800EFD03E /* ASN1Composite.m */,
			);
			path = ASN;
			sourceTree = "<group>";
		};
		7671094520353FA800EFD03E /* Security */ = {
			isa = PBXGroup;
			children = (
				762C50BA2041EBE6006CC25E /* TCSYubiManager.h */,
				762C50BB2041EBE6006CC25E /* TCSYubiManager.m */,
				7671094720353FA800EFD03E /* TCSecurity.h */,
				7671094620353FA800EFD03E /* TCSecurity.m */,
			);
			path = Security;
			sourceTree = "<group>";
		};
		7671094A20353FC900EFD03E /* Helpers */ = {
			isa = PBXGroup;
			children = (
				767109572035417F00EFD03E /* NSString+QP.h */,
				767109582035418E00EFD03E /* NSString+QP.m */,
			);
			path = Helpers;
			sourceTree = "<group>";
		};
		76881FD2203B4BA000A67877 /* TCS Cert Request GUI */ = {
			isa = PBXGroup;
			children = (
				76881FD3203B4BA000A67877 /* AppDelegate.h */,
				76881FD4203B4BA000A67877 /* AppDelegate.m */,
				76881FD6203B4BA000A67877 /* Assets.xcassets */,
				76881FD8203B4BA000A67877 /* MainMenu.xib */,
				76881FDB203B4BA000A67877 /* Info.plist */,
				76881FDC203B4BA000A67877 /* main.m */,
				76881FDE203B4BA000A67877 /* SimpleCSRRequest.entitlements */,
			);
			path = "TCS Cert Request GUI";
			sourceTree = "<group>";
		};
		76881FE4203B4BF300A67877 /* Frameworks */ = {
			isa = PBXGroup;
			children = (
				760F6D2A204655BC00C2F647 /* CoreFoundation.framework */,
				760F6D28204655B000C2F647 /* DCERPC.framework */,
				760F6D1A2046539400C2F647 /* Security.framework */,
				7678453C203FE3EA000795AD /* PCSC.framework */,
				76784538203FE383000795AD /* libcrypto.a */,
				76784536203FE379000795AD /* libykcs11.a */,
				7678453A203FE3BB000795AD /* libykpiv.a */,
			);
			name = Frameworks;
			sourceTree = "<group>";
		};
/* End PBXGroup section */

/* Begin PBXHeadersBuildPhase section */
		760F6D3520465C7D00C2F647 /* Headers */ = {
			isa = PBXHeadersBuildPhase;
			buildActionMask = 2147483647;
			files = (
			);
			runOnlyForDeploymentPostprocessing = 0;
		};
		7671090F20353EC900EFD03E /* Headers */ = {
			isa = PBXHeadersBuildPhase;
			buildActionMask = 2147483647;
			files = (
				760F6CDB2046528F00C2F647 /* twr.h in Headers */,
				762C50BC2041EBE6006CC25E /* TCSYubiManager.h in Headers */,
				760F6CE42046528F00C2F647 /* ndrold.h in Headers */,
				760F6D302046589300C2F647 /* TCSCStringUtilities.h in Headers */,
				760F6D052046528F00C2F647 /* sec_authn.h in Headers */,
				760F6CF72046528F00C2F647 /* ndr_rep.h in Headers */,
				760F6CF02046528F00C2F647 /* ep.h in Headers */,
				760F6D082046528F00C2F647 /* dce_error.h in Headers */,
				760F6D0F2046528F00C2F647 /* dce_error.h in Headers */,
				760F6CF32046528F00C2F647 /* rpcexc.h in Headers */,
				762C50B92040D7EA006CC25E /* internal.h in Headers */,
				7671095D203547AB00EFD03E /* CertificateSigningRequest.h in Headers */,
				7671094920353FA800EFD03E /* TCSecurity.h in Headers */,
				760F6CEF2046528F00C2F647 /* dce.h in Headers */,
				76FC3D4E2037DF0D00DCC7CF /* ASN1Utilities.h in Headers */,
				760F6CE62046528F00C2F647 /* uuid.h in Headers */,
				760F6CE02046528F00C2F647 /* convc.h in Headers */,
				760F6CFF2046528F00C2F647 /* idlddefs.h in Headers */,
				760F6CF82046528F00C2F647 /* mgmt.h in Headers */,
				760F6C922046515A00C2F647 /* TCSADCertificateRequest.h in Headers */,
				760F6D192046528F00C2F647 /* dtyp.h in Headers */,
				760F6D002046528F00C2F647 /* rpc.h in Headers */,
				760F6D012046528F00C2F647 /* marshall.h in Headers */,
				760F6CFB2046528F00C2F647 /* idl_es.h in Headers */,
				760F6CFA2046528F00C2F647 /* iovector.h in Headers */,
				7678452E203FE0E8000795AD /* ykpiv-version.h in Headers */,
				760F6CFD2046528F00C2F647 /* pickle.h in Headers */,
				760F6CE12046528F00C2F647 /* rpcbase.h in Headers */,
				760F6D092046528F00C2F647 /* id_base.h in Headers */,
				760F6D102046528F00C2F647 /* stubbase.h in Headers */,
				760F6D032046528F00C2F647 /* ndr_rep.h in Headers */,
				760F6CF12046528F00C2F647 /* ndrtypes.h in Headers */,
				760F6D142046528F00C2F647 /* nbase.h in Headers */,
				760F6CF22046528F00C2F647 /* lrpc.h in Headers */,
				760F6CF92046528F00C2F647 /* dcethread.h in Headers */,
				760F6D072046528F00C2F647 /* dce_utils.h in Headers */,
				760F6CE32046528F00C2F647 /* rpctypes.h in Headers */,
				760F6D0D2046528F00C2F647 /* lbase.h in Headers */,
				7671093D20353EE800EFD03E /* DER.h in Headers */,
				7671094220353EE800EFD03E /* ASN1Primative.h in Headers */,
				760F6CEE2046528F00C2F647 /* smb.h in Headers */,
				760F6CD92046528F00C2F647 /* ms-icp.h in Headers */,
				760F6D022046528F00C2F647 /* ndrtypes.h in Headers */,
				760F6D122046528F00C2F647 /* conv.h in Headers */,
				760F6CED2046528F00C2F647 /* rpcsts.h in Headers */,
				760F6CDD2046528F00C2F647 /* sec_authn.h in Headers */,
				760F6CE82046528F00C2F647 /* marshall.h in Headers */,
				767109592035418E00EFD03E /* NSString+QP.h in Headers */,
				760F6D0C2046528F00C2F647 /* dce_utils.h in Headers */,
				760F6D042046528F00C2F647 /* rpcpvt.h in Headers */,
				760F6D0B2046528F00C2F647 /* schannel.h in Headers */,
				760F6CF42046528F00C2F647 /* codesets.h in Headers */,
				7678452D203FE0E8000795AD /* ykpiv.h in Headers */,
				760F6D062046528F00C2F647 /* dce.h in Headers */,
				7671092320353ECA00EFD03E /* TCSCertificateRequest.h in Headers */,
				760F6CE92046528F00C2F647 /* ncastat.h in Headers */,
				760F6CDE2046528F00C2F647 /* idlbase.h in Headers */,
				7671093E20353EE800EFD03E /* ASN1Composite.h in Headers */,
			);
			runOnlyForDeploymentPostprocessing = 0;
		};
/* End PBXHeadersBuildPhase section */

/* Begin PBXLegacyTarget section */
		760F6D1E2046544C00C2F647 /* ms-icp_cstub.o */ = {
			isa = PBXLegacyTarget;
			buildArgumentsString = "-I ../headers ms-icp.idl";
			buildConfigurationList = 760F6D1F2046544C00C2F647 /* Build configuration list for PBXLegacyTarget "ms-icp_cstub.o" */;
			buildPhases = (
			);
			buildToolPath = /usr/local/bin/dceidl;
			buildWorkingDirectory = dce;
			dependencies = (
			);
			name = "ms-icp_cstub.o";
			passBuildSettingsInEnvironment = 1;
			productName = "ms-icp_cstub.o";
		};
/* End PBXLegacyTarget section */

/* Begin PBXNativeTarget section */
		760F6D3620465C7D00C2F647 /* TCSCertificateRequestStaticLibrary */ = {
			isa = PBXNativeTarget;
			buildConfigurationList = 760F6D3A20465C7D00C2F647 /* Build configuration list for PBXNativeTarget "TCSCertificateRequestStaticLibrary" */;
			buildPhases = (
				760F6D3320465C7D00C2F647 /* Sources */,
				760F6D3420465C7D00C2F647 /* Frameworks */,
				760F6D3520465C7D00C2F647 /* Headers */,
			);
			buildRules = (
			);
			dependencies = (
				760F6D3C20465C8700C2F647 /* PBXTargetDependency */,
			);
			name = TCSCertificateRequestStaticLibrary;
			productName = TCSCertificateRequestStaticLibrary;
			productReference = 760F6D3720465C7D00C2F647 /* libTCSCertificateRequestStaticLibrary.a */;
			productType = "com.apple.product-type.library.static";
		};
		7671091120353EC900EFD03E /* TCSCertificateRequest */ = {
			isa = PBXNativeTarget;
			buildConfigurationList = 7671092620353ECA00EFD03E /* Build configuration list for PBXNativeTarget "TCSCertificateRequest" */;
			buildPhases = (
				7671090D20353EC900EFD03E /* Sources */,
				7671090E20353EC900EFD03E /* Frameworks */,
				76784531203FE1B2000795AD /* CopyFiles */,
				7671090F20353EC900EFD03E /* Headers */,
				7671091020353EC900EFD03E /* Resources */,
			);
			buildRules = (
			);
			dependencies = (
				760F6D2D204655DE00C2F647 /* PBXTargetDependency */,
			);
			name = TCSCertificateRequest;
			productName = TCSCertificateRequest;
			productReference = 7671091220353EC900EFD03E /* TCSCertificateRequest.framework */;
			productType = "com.apple.product-type.framework";
		};
		7671091A20353EC900EFD03E /* TCSCertificateRequestFrameworkTests */ = {
			isa = PBXNativeTarget;
			buildConfigurationList = 7671092920353ECA00EFD03E /* Build configuration list for PBXNativeTarget "TCSCertificateRequestFrameworkTests" */;
			buildPhases = (
				7671091720353EC900EFD03E /* Sources */,
				7671091820353EC900EFD03E /* Frameworks */,
				7671091920353EC900EFD03E /* Resources */,
			);
			buildRules = (
			);
			dependencies = (
				7671091E20353EC900EFD03E /* PBXTargetDependency */,
			);
			name = TCSCertificateRequestFrameworkTests;
			productName = TCSCertificateRequestTests;
			productReference = 7671091B20353EC900EFD03E /* TCSCertificateRequestFrameworkTests.xctest */;
			productType = "com.apple.product-type.bundle.unit-test";
		};
		76881FD0203B4BA000A67877 /* TCS Cert Request */ = {
			isa = PBXNativeTarget;
			buildConfigurationList = 76881FDF203B4BA000A67877 /* Build configuration list for PBXNativeTarget "TCS Cert Request" */;
			buildPhases = (
				76881FCD203B4BA000A67877 /* Sources */,
				76881FCE203B4BA000A67877 /* Frameworks */,
				76881FCF203B4BA000A67877 /* Resources */,
				76881FE6203B4BFF00A67877 /* CopyFiles */,
			);
			buildRules = (
			);
			dependencies = (
				76881FE3203B4BE000A67877 /* PBXTargetDependency */,
			);
			name = "TCS Cert Request";
			productName = SimpleCSRRequest;
			productReference = 76881FD1203B4BA000A67877 /* TCS Cert Request.app */;
			productType = "com.apple.product-type.application";
		};
/* End PBXNativeTarget section */

/* Begin PBXProject section */
		7671090920353EC900EFD03E /* Project object */ = {
			isa = PBXProject;
			attributes = {
				LastUpgradeCheck = 0920;
				ORGANIZATIONNAME = "Twocanoes Software";
				TargetAttributes = {
					760F6D1E2046544C00C2F647 = {
						CreatedOnToolsVersion = 9.2;
						ProvisioningStyle = Automatic;
					};
					760F6D3620465C7D00C2F647 = {
						CreatedOnToolsVersion = 9.2;
						ProvisioningStyle = Automatic;
					};
					7671091120353EC900EFD03E = {
						CreatedOnToolsVersion = 9.2;
						ProvisioningStyle = Automatic;
					};
					7671091A20353EC900EFD03E = {
						CreatedOnToolsVersion = 9.2;
						ProvisioningStyle = Automatic;
					};
					76881FD0203B4BA000A67877 = {
						CreatedOnToolsVersion = 9.2;
						ProvisioningStyle = Automatic;
						SystemCapabilities = {
							com.apple.Sandbox = {
								enabled = 0;
							};
						};
					};
				};
			};
			buildConfigurationList = 7671090C20353EC900EFD03E /* Build configuration list for PBXProject "TCSCertRequest" */;
			compatibilityVersion = "Xcode 8.0";
			developmentRegion = en;
			hasScannedForEncodings = 0;
			knownRegions = (
				en,
				Base,
			);
			mainGroup = 7671090820353EC900EFD03E;
			productRefGroup = 7671091320353EC900EFD03E /* Products */;
			projectDirPath = "";
			projectRoot = "";
			targets = (
				7671091120353EC900EFD03E /* TCSCertificateRequest */,
				76881FD0203B4BA000A67877 /* TCS Cert Request */,
				7671091A20353EC900EFD03E /* TCSCertificateRequestFrameworkTests */,
				760F6D1E2046544C00C2F647 /* ms-icp_cstub.o */,
				760F6D3620465C7D00C2F647 /* TCSCertificateRequestStaticLibrary */,
			);
		};
/* End PBXProject section */

/* Begin PBXResourcesBuildPhase section */
		7671091020353EC900EFD03E /* Resources */ = {
			isa = PBXResourcesBuildPhase;
			buildActionMask = 2147483647;
			files = (
				760F6D182046528F00C2F647 /* rpcbase.idl in Resources */,
				760F6D172046528F00C2F647 /* rpcpvt.idl in Resources */,
				760F6D152046528F00C2F647 /* lrpc.idl in Resources */,
				760F6CDF2046528F00C2F647 /* conv.idl in Resources */,
				760F6CDC2046528F00C2F647 /* mgmt.idl in Resources */,
				760F6D112046528F00C2F647 /* ep.idl in Resources */,
				760F6CE52046528F00C2F647 /* ncastat.idl in Resources */,
				760F6CFC2046528F00C2F647 /* rpc.idl in Resources */,
				760F6CE72046528F00C2F647 /* schannel.idl in Resources */,
				760F6CEC2046528F00C2F647 /* rpcsts.idl in Resources */,
				760F6CEB2046528F00C2F647 /* ndrold.idl in Resources */,
				760F6CE22046528F00C2F647 /* uuid.idl in Resources */,
				760F6D162046528F00C2F647 /* convc.idl in Resources */,
				760F6CDA2046528F00C2F647 /* codesets.idl in Resources */,
				760F6D0A2046528F00C2F647 /* twr.idl in Resources */,
				760F6CF52046528F00C2F647 /* smb.idl in Resources */,
				760F6D0E2046528F00C2F647 /* lbase.idl in Resources */,
				760F6CF62046528F00C2F647 /* nbase.idl in Resources */,
				760F6CEA2046528F00C2F647 /* iovector.idl in Resources */,
				760F6D132046528F00C2F647 /* id_base.idl in Resources */,
				760F6CFE2046528F00C2F647 /* rpctypes.idl in Resources */,
			);
			runOnlyForDeploymentPostprocessing = 0;
		};
		7671091920353EC900EFD03E /* Resources */ = {
			isa = PBXResourcesBuildPhase;
			buildActionMask = 2147483647;
			files = (
			);
			runOnlyForDeploymentPostprocessing = 0;
		};
		76881FCF203B4BA000A67877 /* Resources */ = {
			isa = PBXResourcesBuildPhase;
			buildActionMask = 2147483647;
			files = (
				76881FD7203B4BA000A67877 /* Assets.xcassets in Resources */,
				76881FDA203B4BA000A67877 /* MainMenu.xib in Resources */,
			);
			runOnlyForDeploymentPostprocessing = 0;
		};
/* End PBXResourcesBuildPhase section */

/* Begin PBXSourcesBuildPhase section */
		760F6D3320465C7D00C2F647 /* Sources */ = {
			isa = PBXSourcesBuildPhase;
			buildActionMask = 2147483647;
			files = (
				760F6D3D20465CAE00C2F647 /* ASN1Composite.m in Sources */,
				760F6D4620465CCB00C2F647 /* ASN1Utilities.m in Sources */,
				760F6D4020465CCB00C2F647 /* TCSYubiManager.m in Sources */,
				760F6D4120465CCB00C2F647 /* DER.m in Sources */,
				760F6D4520465CCB00C2F647 /* CertificateSigningRequest.m in Sources */,
				760F6D3F20465CC100C2F647 /* TCSCStringUtilities.c in Sources */,
				760F6D4320465CCB00C2F647 /* TCSecurity.m in Sources */,
				760F6D4220465CCB00C2F647 /* NSString+QP.m in Sources */,
				760F6D4420465CCB00C2F647 /* ASN1Primative.m in Sources */,
				760F6D3E20465CBB00C2F647 /* TCSADCertificateRequest.m in Sources */,
			);
			runOnlyForDeploymentPostprocessing = 0;
		};
		7671090D20353EC900EFD03E /* Sources */ = {
			isa = PBXSourcesBuildPhase;
			buildActionMask = 2147483647;
			files = (
				7671094320353EE800EFD03E /* ASN1Composite.m in Sources */,
				760F6C932046515A00C2F647 /* TCSADCertificateRequest.m in Sources */,
				760F6D312046589300C2F647 /* TCSCStringUtilities.c in Sources */,
				762C50BD2041EBE6006CC25E /* TCSYubiManager.m in Sources */,
				7671094420353EE800EFD03E /* DER.m in Sources */,
				7671095A2035418E00EFD03E /* NSString+QP.m in Sources */,
				7671094820353FA800EFD03E /* TCSecurity.m in Sources */,
				7671093C20353EE800EFD03E /* ASN1Primative.m in Sources */,
				7671095E203547AB00EFD03E /* CertificateSigningRequest.m in Sources */,
				76FC3D4F2037DF0D00DCC7CF /* ASN1Utilities.m in Sources */,
			);
			runOnlyForDeploymentPostprocessing = 0;
		};
		7671091720353EC900EFD03E /* Sources */ = {
			isa = PBXSourcesBuildPhase;
			buildActionMask = 2147483647;
			files = (
				7671092120353ECA00EFD03E /* TCSCertificateRequestTests.m in Sources */,
			);
			runOnlyForDeploymentPostprocessing = 0;
		};
		76881FCD203B4BA000A67877 /* Sources */ = {
			isa = PBXSourcesBuildPhase;
			buildActionMask = 2147483647;
			files = (
				76881FDD203B4BA000A67877 /* main.m in Sources */,
				76881FD5203B4BA000A67877 /* AppDelegate.m in Sources */,
			);
			runOnlyForDeploymentPostprocessing = 0;
		};
/* End PBXSourcesBuildPhase section */

/* Begin PBXTargetDependency section */
		760F6D2D204655DE00C2F647 /* PBXTargetDependency */ = {
			isa = PBXTargetDependency;
			target = 760F6D1E2046544C00C2F647 /* ms-icp_cstub.o */;
			targetProxy = 760F6D2C204655DE00C2F647 /* PBXContainerItemProxy */;
		};
		760F6D3C20465C8700C2F647 /* PBXTargetDependency */ = {
			isa = PBXTargetDependency;
			target = 760F6D1E2046544C00C2F647 /* ms-icp_cstub.o */;
			targetProxy = 760F6D3B20465C8700C2F647 /* PBXContainerItemProxy */;
		};
		7671091E20353EC900EFD03E /* PBXTargetDependency */ = {
			isa = PBXTargetDependency;
			target = 7671091120353EC900EFD03E /* TCSCertificateRequest */;
			targetProxy = 7671091D20353EC900EFD03E /* PBXContainerItemProxy */;
		};
		76881FE3203B4BE000A67877 /* PBXTargetDependency */ = {
			isa = PBXTargetDependency;
			target = 7671091120353EC900EFD03E /* TCSCertificateRequest */;
			targetProxy = 76881FE2203B4BE000A67877 /* PBXContainerItemProxy */;
		};
/* End PBXTargetDependency section */

/* Begin PBXVariantGroup section */
		76881FD8203B4BA000A67877 /* MainMenu.xib */ = {
			isa = PBXVariantGroup;
			children = (
				76881FD9203B4BA000A67877 /* Base */,
			);
			name = MainMenu.xib;
			sourceTree = "<group>";
		};
/* End PBXVariantGroup section */

/* Begin XCBuildConfiguration section */
		760F6D202046544C00C2F647 /* Debug */ = {
			isa = XCBuildConfiguration;
			buildSettings = {
				CODE_SIGN_STYLE = Automatic;
				DEBUGGING_SYMBOLS = YES;
				DEBUG_INFORMATION_FORMAT = dwarf;
				DEVELOPMENT_TEAM = UXP6YEHSPW;
				GCC_GENERATE_DEBUGGING_SYMBOLS = YES;
				GCC_OPTIMIZATION_LEVEL = 0;
				OTHER_CFLAGS = "";
				OTHER_LDFLAGS = "";
				PRODUCT_NAME = "$(TARGET_NAME)";
			};
			name = Debug;
		};
		760F6D212046544C00C2F647 /* Release */ = {
			isa = XCBuildConfiguration;
			buildSettings = {
				CODE_SIGN_STYLE = Automatic;
				DEBUG_INFORMATION_FORMAT = "dwarf-with-dsym";
				DEVELOPMENT_TEAM = UXP6YEHSPW;
				OTHER_CFLAGS = "";
				OTHER_LDFLAGS = "";
				PRODUCT_NAME = "$(TARGET_NAME)";
			};
			name = Release;
		};
		760F6D3820465C7D00C2F647 /* Debug */ = {
			isa = XCBuildConfiguration;
			buildSettings = {
				CODE_SIGN_STYLE = Automatic;
				DEVELOPMENT_TEAM = UXP6YEHSPW;
				EXECUTABLE_PREFIX = lib;
				PRODUCT_NAME = "$(TARGET_NAME)";
			};
			name = Debug;
		};
		760F6D3920465C7D00C2F647 /* Release */ = {
			isa = XCBuildConfiguration;
			buildSettings = {
				CODE_SIGN_STYLE = Automatic;
				DEVELOPMENT_TEAM = UXP6YEHSPW;
				EXECUTABLE_PREFIX = lib;
				PRODUCT_NAME = "$(TARGET_NAME)";
			};
			name = Release;
		};
		7671092420353ECA00EFD03E /* Debug */ = {
			isa = XCBuildConfiguration;
			buildSettings = {
				ALWAYS_SEARCH_USER_PATHS = NO;
				CLANG_ANALYZER_NONNULL = YES;
				CLANG_ANALYZER_NUMBER_OBJECT_CONVERSION = YES_AGGRESSIVE;
				CLANG_CXX_LANGUAGE_STANDARD = "gnu++14";
				CLANG_CXX_LIBRARY = "libc++";
				CLANG_ENABLE_MODULES = YES;
				CLANG_ENABLE_OBJC_ARC = YES;
				CLANG_WARN_BLOCK_CAPTURE_AUTORELEASING = YES;
				CLANG_WARN_BOOL_CONVERSION = YES;
				CLANG_WARN_COMMA = YES;
				CLANG_WARN_CONSTANT_CONVERSION = YES;
				CLANG_WARN_DIRECT_OBJC_ISA_USAGE = YES_ERROR;
				CLANG_WARN_DOCUMENTATION_COMMENTS = YES;
				CLANG_WARN_EMPTY_BODY = YES;
				CLANG_WARN_ENUM_CONVERSION = YES;
				CLANG_WARN_INFINITE_RECURSION = YES;
				CLANG_WARN_INT_CONVERSION = YES;
				CLANG_WARN_NON_LITERAL_NULL_CONVERSION = YES;
				CLANG_WARN_OBJC_LITERAL_CONVERSION = YES;
				CLANG_WARN_OBJC_ROOT_CLASS = YES_ERROR;
				CLANG_WARN_RANGE_LOOP_ANALYSIS = YES;
				CLANG_WARN_STRICT_PROTOTYPES = YES;
				CLANG_WARN_SUSPICIOUS_MOVE = YES;
				CLANG_WARN_UNGUARDED_AVAILABILITY = YES_AGGRESSIVE;
				CLANG_WARN_UNREACHABLE_CODE = YES;
				CLANG_WARN__DUPLICATE_METHOD_MATCH = YES;
				CODE_SIGN_IDENTITY = "Mac Developer";
				COPY_PHASE_STRIP = NO;
				CURRENT_PROJECT_VERSION = 1;
				DEBUG_INFORMATION_FORMAT = dwarf;
				ENABLE_STRICT_OBJC_MSGSEND = YES;
				ENABLE_TESTABILITY = YES;
				GCC_C_LANGUAGE_STANDARD = gnu11;
				GCC_DYNAMIC_NO_PIC = NO;
				GCC_NO_COMMON_BLOCKS = YES;
				GCC_OPTIMIZATION_LEVEL = 0;
				GCC_PREPROCESSOR_DEFINITIONS = (
					"DEBUG=1",
					"$(inherited)",
				);
				GCC_WARN_64_TO_32_BIT_CONVERSION = YES;
				GCC_WARN_ABOUT_RETURN_TYPE = YES_ERROR;
				GCC_WARN_UNDECLARED_SELECTOR = YES;
				GCC_WARN_UNINITIALIZED_AUTOS = YES_AGGRESSIVE;
				GCC_WARN_UNUSED_FUNCTION = YES;
				GCC_WARN_UNUSED_VARIABLE = YES;
				HEADER_SEARCH_PATHS = "\"$(SRCROOT)/headers\"";
				MACOSX_DEPLOYMENT_TARGET = 10.13;
				MTL_ENABLE_DEBUG_INFO = YES;
				ONLY_ACTIVE_ARCH = YES;
				SDKROOT = macosx;
				VERSIONING_SYSTEM = "apple-generic";
				VERSION_INFO_PREFIX = "";
			};
			name = Debug;
		};
		7671092520353ECA00EFD03E /* Release */ = {
			isa = XCBuildConfiguration;
			buildSettings = {
				ALWAYS_SEARCH_USER_PATHS = NO;
				CLANG_ANALYZER_NONNULL = YES;
				CLANG_ANALYZER_NUMBER_OBJECT_CONVERSION = YES_AGGRESSIVE;
				CLANG_CXX_LANGUAGE_STANDARD = "gnu++14";
				CLANG_CXX_LIBRARY = "libc++";
				CLANG_ENABLE_MODULES = YES;
				CLANG_ENABLE_OBJC_ARC = YES;
				CLANG_WARN_BLOCK_CAPTURE_AUTORELEASING = YES;
				CLANG_WARN_BOOL_CONVERSION = YES;
				CLANG_WARN_COMMA = YES;
				CLANG_WARN_CONSTANT_CONVERSION = YES;
				CLANG_WARN_DIRECT_OBJC_ISA_USAGE = YES_ERROR;
				CLANG_WARN_DOCUMENTATION_COMMENTS = YES;
				CLANG_WARN_EMPTY_BODY = YES;
				CLANG_WARN_ENUM_CONVERSION = YES;
				CLANG_WARN_INFINITE_RECURSION = YES;
				CLANG_WARN_INT_CONVERSION = YES;
				CLANG_WARN_NON_LITERAL_NULL_CONVERSION = YES;
				CLANG_WARN_OBJC_LITERAL_CONVERSION = YES;
				CLANG_WARN_OBJC_ROOT_CLASS = YES_ERROR;
				CLANG_WARN_RANGE_LOOP_ANALYSIS = YES;
				CLANG_WARN_STRICT_PROTOTYPES = YES;
				CLANG_WARN_SUSPICIOUS_MOVE = YES;
				CLANG_WARN_UNGUARDED_AVAILABILITY = YES_AGGRESSIVE;
				CLANG_WARN_UNREACHABLE_CODE = YES;
				CLANG_WARN__DUPLICATE_METHOD_MATCH = YES;
				CODE_SIGN_IDENTITY = "Mac Developer";
				COPY_PHASE_STRIP = NO;
				CURRENT_PROJECT_VERSION = 1;
				DEBUG_INFORMATION_FORMAT = "dwarf-with-dsym";
				ENABLE_NS_ASSERTIONS = NO;
				ENABLE_STRICT_OBJC_MSGSEND = YES;
				GCC_C_LANGUAGE_STANDARD = gnu11;
				GCC_NO_COMMON_BLOCKS = YES;
				GCC_WARN_64_TO_32_BIT_CONVERSION = YES;
				GCC_WARN_ABOUT_RETURN_TYPE = YES_ERROR;
				GCC_WARN_UNDECLARED_SELECTOR = YES;
				GCC_WARN_UNINITIALIZED_AUTOS = YES_AGGRESSIVE;
				GCC_WARN_UNUSED_FUNCTION = YES;
				GCC_WARN_UNUSED_VARIABLE = YES;
				HEADER_SEARCH_PATHS = "\"$(SRCROOT)/headers\"";
				MACOSX_DEPLOYMENT_TARGET = 10.13;
				MTL_ENABLE_DEBUG_INFO = NO;
				SDKROOT = macosx;
				VERSIONING_SYSTEM = "apple-generic";
				VERSION_INFO_PREFIX = "";
			};
			name = Release;
		};
		7671092720353ECA00EFD03E /* Debug */ = {
			isa = XCBuildConfiguration;
			buildSettings = {
				CLANG_ENABLE_OBJC_ARC = YES;
				CODE_SIGN_IDENTITY = "";
				CODE_SIGN_STYLE = Automatic;
				COMBINE_HIDPI_IMAGES = YES;
				DEFINES_MODULE = YES;
				DEVELOPMENT_TEAM = UXP6YEHSPW;
				DYLIB_COMPATIBILITY_VERSION = 1;
				DYLIB_CURRENT_VERSION = 1;
				DYLIB_INSTALL_NAME_BASE = "@rpath";
				FRAMEWORK_SEARCH_PATHS = (
					"$(inherited)",
					"$(PROJECT_DIR)",
				);
				FRAMEWORK_VERSION = A;
				HEADER_SEARCH_PATHS = "\"$(SRCROOT)/headers\"";
				INFOPLIST_FILE = TCSCertificateRequest/Info.plist;
				INSTALL_PATH = "$(LOCAL_LIBRARY_DIR)/Frameworks";
				LD_RUNPATH_SEARCH_PATHS = "$(inherited) @executable_path/../Frameworks @loader_path/Frameworks";
				LIBRARY_SEARCH_PATHS = (
					"$(inherited)",
					"$(PROJECT_DIR)",
				);
				MACH_O_TYPE = mh_dylib;
				PRODUCT_BUNDLE_IDENTIFIER = com.twocanoes.TCSCertificateRequest;
				PRODUCT_NAME = "$(TARGET_NAME:c99extidentifier)";
			};
			name = Debug;
		};
		7671092820353ECA00EFD03E /* Release */ = {
			isa = XCBuildConfiguration;
			buildSettings = {
				CLANG_ENABLE_OBJC_ARC = YES;
				CODE_SIGN_IDENTITY = "";
				CODE_SIGN_STYLE = Automatic;
				COMBINE_HIDPI_IMAGES = YES;
				DEFINES_MODULE = YES;
				DEVELOPMENT_TEAM = UXP6YEHSPW;
				DYLIB_COMPATIBILITY_VERSION = 1;
				DYLIB_CURRENT_VERSION = 1;
				DYLIB_INSTALL_NAME_BASE = "@rpath";
				FRAMEWORK_SEARCH_PATHS = (
					"$(inherited)",
					"$(PROJECT_DIR)",
				);
				FRAMEWORK_VERSION = A;
				HEADER_SEARCH_PATHS = "\"$(SRCROOT)/headers\"";
				INFOPLIST_FILE = TCSCertificateRequest/Info.plist;
				INSTALL_PATH = "$(LOCAL_LIBRARY_DIR)/Frameworks";
				LD_RUNPATH_SEARCH_PATHS = "$(inherited) @executable_path/../Frameworks @loader_path/Frameworks";
				LIBRARY_SEARCH_PATHS = (
					"$(inherited)",
					"$(PROJECT_DIR)",
				);
				MACH_O_TYPE = mh_dylib;
				PRODUCT_BUNDLE_IDENTIFIER = com.twocanoes.TCSCertificateRequest;
				PRODUCT_NAME = "$(TARGET_NAME:c99extidentifier)";
			};
			name = Release;
		};
		7671092A20353ECA00EFD03E /* Debug */ = {
			isa = XCBuildConfiguration;
			buildSettings = {
				CODE_SIGN_STYLE = Automatic;
				COMBINE_HIDPI_IMAGES = YES;
				DEVELOPMENT_TEAM = UXP6YEHSPW;
				INFOPLIST_FILE = TCSCertificateRequestTests/Info.plist;
				LD_RUNPATH_SEARCH_PATHS = "$(inherited) @executable_path/../Frameworks @loader_path/../Frameworks";
				PRODUCT_BUNDLE_IDENTIFIER = com.twocanoes.TCSCertificateRequestTests;
				PRODUCT_NAME = "$(TARGET_NAME)";
			};
			name = Debug;
		};
		7671092B20353ECA00EFD03E /* Release */ = {
			isa = XCBuildConfiguration;
			buildSettings = {
				CODE_SIGN_STYLE = Automatic;
				COMBINE_HIDPI_IMAGES = YES;
				DEVELOPMENT_TEAM = UXP6YEHSPW;
				INFOPLIST_FILE = TCSCertificateRequestTests/Info.plist;
				LD_RUNPATH_SEARCH_PATHS = "$(inherited) @executable_path/../Frameworks @loader_path/../Frameworks";
				PRODUCT_BUNDLE_IDENTIFIER = com.twocanoes.TCSCertificateRequestTests;
				PRODUCT_NAME = "$(TARGET_NAME)";
			};
			name = Release;
		};
		76881FE0203B4BA000A67877 /* Debug */ = {
			isa = XCBuildConfiguration;
			buildSettings = {
				ASSETCATALOG_COMPILER_APPICON_NAME = AppIcon;
				CODE_SIGN_STYLE = Automatic;
				COMBINE_HIDPI_IMAGES = YES;
				DEVELOPMENT_TEAM = UXP6YEHSPW;
				HEADER_SEARCH_PATHS = "";
				INFOPLIST_FILE = "$(SRCROOT)/TCS Cert Request GUI/Info.plist";
				LD_RUNPATH_SEARCH_PATHS = "$(inherited) @executable_path/../Frameworks";
				LIBRARY_SEARCH_PATHS = "$(PROJECT_DIR)";
				PRODUCT_BUNDLE_IDENTIFIER = com.twocanoes.TCSCertRequest;
				PRODUCT_NAME = "$(TARGET_NAME)";
			};
			name = Debug;
		};
		76881FE1203B4BA000A67877 /* Release */ = {
			isa = XCBuildConfiguration;
			buildSettings = {
				ASSETCATALOG_COMPILER_APPICON_NAME = AppIcon;
				CODE_SIGN_STYLE = Automatic;
				COMBINE_HIDPI_IMAGES = YES;
				DEVELOPMENT_TEAM = UXP6YEHSPW;
				HEADER_SEARCH_PATHS = "";
				INFOPLIST_FILE = "$(SRCROOT)/TCS Cert Request GUI/Info.plist";
				LD_RUNPATH_SEARCH_PATHS = "$(inherited) @executable_path/../Frameworks";
				LIBRARY_SEARCH_PATHS = "$(PROJECT_DIR)";
				PRODUCT_BUNDLE_IDENTIFIER = com.twocanoes.TCSCertRequest;
				PRODUCT_NAME = "$(TARGET_NAME)";
			};
			name = Release;
		};
/* End XCBuildConfiguration section */

/* Begin XCConfigurationList section */
		760F6D1F2046544C00C2F647 /* Build configuration list for PBXLegacyTarget "ms-icp_cstub.o" */ = {
			isa = XCConfigurationList;
			buildConfigurations = (
				760F6D202046544C00C2F647 /* Debug */,
				760F6D212046544C00C2F647 /* Release */,
			);
			defaultConfigurationIsVisible = 0;
			defaultConfigurationName = Release;
		};
		760F6D3A20465C7D00C2F647 /* Build configuration list for PBXNativeTarget "TCSCertificateRequestStaticLibrary" */ = {
			isa = XCConfigurationList;
			buildConfigurations = (
				760F6D3820465C7D00C2F647 /* Debug */,
				760F6D3920465C7D00C2F647 /* Release */,
			);
			defaultConfigurationIsVisible = 0;
			defaultConfigurationName = Release;
		};
		7671090C20353EC900EFD03E /* Build configuration list for PBXProject "TCSCertRequest" */ = {
			isa = XCConfigurationList;
			buildConfigurations = (
				7671092420353ECA00EFD03E /* Debug */,
				7671092520353ECA00EFD03E /* Release */,
			);
			defaultConfigurationIsVisible = 0;
			defaultConfigurationName = Release;
		};
		7671092620353ECA00EFD03E /* Build configuration list for PBXNativeTarget "TCSCertificateRequest" */ = {
			isa = XCConfigurationList;
			buildConfigurations = (
				7671092720353ECA00EFD03E /* Debug */,
				7671092820353ECA00EFD03E /* Release */,
			);
			defaultConfigurationIsVisible = 0;
			defaultConfigurationName = Release;
		};
		7671092920353ECA00EFD03E /* Build configuration list for PBXNativeTarget "TCSCertificateRequestFrameworkTests" */ = {
			isa = XCConfigurationList;
			buildConfigurations = (
				7671092A20353ECA00EFD03E /* Debug */,
				7671092B20353ECA00EFD03E /* Release */,
			);
			defaultConfigurationIsVisible = 0;
			defaultConfigurationName = Release;
		};
		76881FDF203B4BA000A67877 /* Build configuration list for PBXNativeTarget "TCS Cert Request" */ = {
			isa = XCConfigurationList;
			buildConfigurations = (
				76881FE0203B4BA000A67877 /* Debug */,
				76881FE1203B4BA000A67877 /* Release */,
			);
			defaultConfigurationIsVisible = 0;
			defaultConfigurationName = Release;
		};
/* End XCConfigurationList section */
	};
	rootObject = 7671090920353EC900EFD03E /* Project object */;
}
